
Microsoft Visual Studio Solution File, Format Version 12.00
# Visual Studio Version 17
VisualStudioVersion = 17.3.32811.315
MinimumVisualStudioVersion = 10.0.40219.1
Project("{8BC9CEB8-8B4A-11D0-8D11-00A0C91BC942}") = "11월 25일 실습 대문자 소문자 변환", "11월 25일 실습 대문자 소문자 변환\11월 25일 실습 대문자 소문자 변환.vcxproj", "{E8CFD7F7-3DB0-40F7-955A-02D7E6A03FB1}"
EndProject
Global
	GlobalSection(SolutionConfigurationPlatforms) = preSolution
		Debug|x64 = Debug|x64
		Debug|x86 = Debug|x86
		Release|x64 = Release|x64
		Release|x86 = Release|x86
	EndGlobalSection
	GlobalSection(ProjectConfigurationPlatforms) = postSolution
		{E8CFD7F7-3DB0-40F7-955A-02D7E6A03FB1}.Debug|x64.ActiveCfg = Debug|x64
		{E8CFD7F7-3DB0-40F7-955A-02D7E6A03FB1}.Debug|x64.Build.0 = Debug|x64
		{E8CFD7F7-3DB0-40F7-955A-02D7E6A03FB1}.Debug|x86.ActiveCfg = Debug|Win32
		{E8CFD7F7-3DB0-40F7-955A-02D7E6A03FB1}.Debug|x86.Build.0 = Debug|Win32
		{E8CFD7F7-3DB0-40F7-955A-02D7E6A03FB1}.Release|x64.ActiveCfg = Release|x64
		{E8CFD7F7-3DB0-40F7-955A-02D7E6A03FB1}.Release|x64.Build.0 = Release|x64
		{E8CFD7F7-3DB0-40F7-955A-02D7E6A03FB1}.Release|x86.ActiveCfg = Release|Win32
		{E8CFD7F7-3DB0-40F7-955A-02D7E6A03FB1}.Release|x86.Build.0 = Release|Win32
	EndGlobalSection
	GlobalSection(SolutionProperties) = preSolution
		HideSolutionNode = FALSE
	EndGlobalSection
	GlobalSection(ExtensibilityGlobals) = postSolution
		SolutionGuid = {56F94DA1-B3A9-4ABE-B600-C581155C54AE}
	EndGlobalSection
EndGlobal
